// !$*UTF8*$!
{
	archiveVersion = 1;
	classes = {
	};
	objectVersion = 46;
	objects = {

/* Begin PBXBuildFile section */
		AE15A87A17466A6B00D1971F /* User.m in Sources */ = {isa = PBXBuildFile; fileRef = AE15A87917466A6B00D1971F /* User.m */; };
		AE15A87C17468B6D00D1971F /* ico57.png in Resources */ = {isa = PBXBuildFile; fileRef = AE15A87B17468B6D00D1971F /* ico57.png */; };
		AE15A87E17468B7100D1971F /* ico114.png in Resources */ = {isa = PBXBuildFile; fileRef = AE15A87D17468B7100D1971F /* ico114.png */; };
		AE15A88417468BAB00D1971F /* Default-568h@2x.png in Resources */ = {isa = PBXBuildFile; fileRef = AE15A88317468BAB00D1971F /* Default-568h@2x.png */; };
		AE3E441A1745118E00F7E3F3 /* Security.framework in Frameworks */ = {isa = PBXBuildFile; fileRef = AE6793551744C85A001C8959 /* Security.framework */; };
		AE44E51817454B21008815FC /* GTMOAuth2ViewTouch.xib in Resources */ = {isa = PBXBuildFile; fileRef = AE6793531744C816001C8959 /* GTMOAuth2ViewTouch.xib */; };
		AE47F29517455D8600370271 /* UserViewController.m in Sources */ = {isa = PBXBuildFile; fileRef = AE47F29417455D8600370271 /* UserViewController.m */; };
		AE6793291744C7F8001C8959 /* UIKit.framework in Frameworks */ = {isa = PBXBuildFile; fileRef = AE6793281744C7F8001C8959 /* UIKit.framework */; };
		AE67932B1744C7F8001C8959 /* Foundation.framework in Frameworks */ = {isa = PBXBuildFile; fileRef = AE67932A1744C7F8001C8959 /* Foundation.framework */; };
		AE67932D1744C7F8001C8959 /* CoreGraphics.framework in Frameworks */ = {isa = PBXBuildFile; fileRef = AE67932C1744C7F8001C8959 /* CoreGraphics.framework */; };
		AE6793331744C7F8001C8959 /* InfoPlist.strings in Resources */ = {isa = PBXBuildFile; fileRef = AE6793311744C7F8001C8959 /* InfoPlist.strings */; };
		AE6793351744C7F8001C8959 /* main.m in Sources */ = {isa = PBXBuildFile; fileRef = AE6793341744C7F8001C8959 /* main.m */; };
		AE6793391744C7F8001C8959 /* AppDelegate.m in Sources */ = {isa = PBXBuildFile; fileRef = AE6793381744C7F8001C8959 /* AppDelegate.m */; };
		AE67933B1744C7F8001C8959 /* Default.png in Resources */ = {isa = PBXBuildFile; fileRef = AE67933A1744C7F8001C8959 /* Default.png */; };
		AE67933D1744C7F8001C8959 /* Default@2x.png in Resources */ = {isa = PBXBuildFile; fileRef = AE67933C1744C7F8001C8959 /* Default@2x.png */; };
		AE67933F1744C7F8001C8959 /* Default-568h@2x.png in Resources */ = {isa = PBXBuildFile; fileRef = AE67933E1744C7F8001C8959 /* Default-568h@2x.png */; };
		AE6793421744C7F8001C8959 /* MainStoryboard.storyboard in Resources */ = {isa = PBXBuildFile; fileRef = AE6793401744C7F8001C8959 /* MainStoryboard.storyboard */; };
		AE6793451744C7F8001C8959 /* ViewController.m in Sources */ = {isa = PBXBuildFile; fileRef = AE6793441744C7F8001C8959 /* ViewController.m */; };
		AE6793581744C86C001C8959 /* SystemConfiguration.framework in Frameworks */ = {isa = PBXBuildFile; fileRef = AE6793571744C86C001C8959 /* SystemConfiguration.framework */; };
		AE6793591744C967001C8959 /* GTMHTTPFetcher.m in Sources */ = {isa = PBXBuildFile; fileRef = AE67934C1744C816001C8959 /* GTMHTTPFetcher.m */; settings = {COMPILER_FLAGS = "-fno-objc-arc"; }; };
		AE67935A1744C967001C8959 /* GTMOAuth2Authentication.m in Sources */ = {isa = PBXBuildFile; fileRef = AE67934E1744C816001C8959 /* GTMOAuth2Authentication.m */; settings = {COMPILER_FLAGS = "-fno-objc-arc"; }; };
		AE67935B1744C967001C8959 /* GTMOAuth2SignIn.m in Sources */ = {isa = PBXBuildFile; fileRef = AE6793501744C816001C8959 /* GTMOAuth2SignIn.m */; settings = {COMPILER_FLAGS = "-fno-objc-arc"; }; };
		AE67935C1744C967001C8959 /* GTMOAuth2ViewControllerTouch.m in Sources */ = {isa = PBXBuildFile; fileRef = AE6793521744C816001C8959 /* GTMOAuth2ViewControllerTouch.m */; settings = {COMPILER_FLAGS = "-fno-objc-arc"; }; };
		DD1C33A417DDB1DB00B4554E /* Board.m in Sources */ = {isa = PBXBuildFile; fileRef = DD1C33A317DDB1DB00B4554E /* Board.m */; };
		DD1C33A717DDB41700B4554E /* Classroom.m in Sources */ = {isa = PBXBuildFile; fileRef = DD1C33A617DDB41700B4554E /* Classroom.m */; };
		DD1C33AA17DDB59100B4554E /* Event.m in Sources */ = {isa = PBXBuildFile; fileRef = DD1C33A917DDB59100B4554E /* Event.m */; };
		DD1C33AD17DDB6CD00B4554E /* Folder.m in Sources */ = {isa = PBXBuildFile; fileRef = DD1C33AC17DDB6CD00B4554E /* Folder.m */; };
		DD1C33B017DDB86700B4554E /* Message.m in Sources */ = {isa = PBXBuildFile; fileRef = DD1C33AF17DDB86700B4554E /* Message.m */; };
		DD1C33B317DDB88C00B4554E /* MessageBody.m in Sources */ = {isa = PBXBuildFile; fileRef = DD1C33B217DDB88C00B4554E /* MessageBody.m */; };
		DD1C33B617DDB8A000B4554E /* MessageHistory.m in Sources */ = {isa = PBXBuildFile; fileRef = DD1C33B517DDB8A000B4554E /* MessageHistory.m */; };
		DD1C33B917DDB8EE00B4554E /* MessageHistoryDetail.m in Sources */ = {isa = PBXBuildFile; fileRef = DD1C33B817DDB8EE00B4554E /* MessageHistoryDetail.m */; };
		DD1C33BC17DDB8FF00B4554E /* Person.m in Sources */ = {isa = PBXBuildFile; fileRef = DD1C33BB17DDB8FF00B4554E /* Person.m */; };
		DD1C33BF17DDB90A00B4554E /* Profile.m in Sources */ = {isa = PBXBuildFile; fileRef = DD1C33BE17DDB90A00B4554E /* Profile.m */; };
		DD1C33C217DDB91D00B4554E /* Resource.m in Sources */ = {isa = PBXBuildFile; fileRef = DD1C33C117DDB91D00B4554E /* Resource.m */; };
		DD1C33C517DDB92D00B4554E /* Setting.m in Sources */ = {isa = PBXBuildFile; fileRef = DD1C33C417DDB92C00B4554E /* Setting.m */; };
		DD1C33C817DDB95700B4554E /* SettingValue.m in Sources */ = {isa = PBXBuildFile; fileRef = DD1C33C717DDB95700B4554E /* SettingValue.m */; };
		DD1C33CB17DDB96A00B4554E /* TeachingMaterial.m in Sources */ = {isa = PBXBuildFile; fileRef = DD1C33CA17DDB96A00B4554E /* TeachingMaterial.m */; };
		DD1C33CE17DDCDF800B4554E /* MessagesViewController.m in Sources */ = {isa = PBXBuildFile; fileRef = DD1C33CD17DDCDF800B4554E /* MessagesViewController.m */; };
		DD1C33D117DDCE0900B4554E /* HistoryViewController.m in Sources */ = {isa = PBXBuildFile; fileRef = DD1C33D017DDCE0800B4554E /* HistoryViewController.m */; };
		DD77DD9418B74105004732B7 /* Subject.m in Sources */ = {isa = PBXBuildFile; fileRef = DD77DD9318B74105004732B7 /* Subject.m */; };
		DD77DD9718B74224004732B7 /* BoardList.m in Sources */ = {isa = PBXBuildFile; fileRef = DD77DD9618B74224004732B7 /* BoardList.m */; };
		DD77DD9A18B74528004732B7 /* ClassroomList.m in Sources */ = {isa = PBXBuildFile; fileRef = DD77DD9918B74528004732B7 /* ClassroomList.m */; };
		DD77DD9D18B74EF2004732B7 /* MessageList.m in Sources */ = {isa = PBXBuildFile; fileRef = DD77DD9C18B74EF2004732B7 /* MessageList.m */; };
		DD77DDA018B757AF004732B7 /* EventList.m in Sources */ = {isa = PBXBuildFile; fileRef = DD77DD9F18B757AF004732B7 /* EventList.m */; };
		DD77DDA318B75945004732B7 /* FolderList.m in Sources */ = {isa = PBXBuildFile; fileRef = DD77DDA218B75945004732B7 /* FolderList.m */; };
		DD77DDA618B75BE7004732B7 /* PersonList.m in Sources */ = {isa = PBXBuildFile; fileRef = DD77DDA518B75BE7004732B7 /* PersonList.m */; };
		DD77DDA918B75F0C004732B7 /* ProfileList.m in Sources */ = {isa = PBXBuildFile; fileRef = DD77DDA818B75F0C004732B7 /* ProfileList.m */; };
		DD77DDAC18B76087004732B7 /* ResourceList.m in Sources */ = {isa = PBXBuildFile; fileRef = DD77DDAB18B76087004732B7 /* ResourceList.m */; };
		DD77DDAF18B762A3004732B7 /* SettingList.m in Sources */ = {isa = PBXBuildFile; fileRef = DD77DDAE18B762A3004732B7 /* SettingList.m */; };
		DD77DDB218B76471004732B7 /* SubjectList.m in Sources */ = {isa = PBXBuildFile; fileRef = DD77DDB118B76471004732B7 /* SubjectList.m */; };
		DD77DDB518B7656F004732B7 /* TeachingMaterialList.m in Sources */ = {isa = PBXBuildFile; fileRef = DD77DDB418B7656F004732B7 /* TeachingMaterialList.m */; };
		DD77DDB818B76701004732B7 /* UserList.m in Sources */ = {isa = PBXBuildFile; fileRef = DD77DDB718B76701004732B7 /* UserList.m */; };
		DD77DDBB18B77723004732B7 /* EventsViewController.m in Sources */ = {isa = PBXBuildFile; fileRef = DD77DDBA18B77723004732B7 /* EventsViewController.m */; };
		DDF40A8018BB3AA300985BC2 /* ExemplesViewController.m in Sources */ = {isa = PBXBuildFile; fileRef = DDF40A7F18BB3AA300985BC2 /* ExemplesViewController.m */; };
/* End PBXBuildFile section */

/* Begin PBXFileReference section */
		AE15A87817466A6B00D1971F /* User.h */ = {isa = PBXFileReference; fileEncoding = 4; lastKnownFileType = sourcecode.c.h; path = User.h; sourceTree = "<group>"; };
		AE15A87917466A6B00D1971F /* User.m */ = {isa = PBXFileReference; fileEncoding = 4; lastKnownFileType = sourcecode.c.objc; path = User.m; sourceTree = "<group>"; };
		AE15A87B17468B6D00D1971F /* ico57.png */ = {isa = PBXFileReference; lastKnownFileType = image.png; path = ico57.png; sourceTree = "<group>"; };
		AE15A87D17468B7100D1971F /* ico114.png */ = {isa = PBXFileReference; lastKnownFileType = image.png; path = ico114.png; sourceTree = "<group>"; };
		AE15A88317468BAB00D1971F /* Default-568h@2x.png */ = {isa = PBXFileReference; lastKnownFileType = image.png; path = "Default-568h@2x.png"; sourceTree = "<group>"; };
		AE47F29317455D8600370271 /* UserViewController.h */ = {isa = PBXFileReference; fileEncoding = 4; lastKnownFileType = sourcecode.c.h; path = UserViewController.h; sourceTree = "<group>"; };
		AE47F29417455D8600370271 /* UserViewController.m */ = {isa = PBXFileReference; fileEncoding = 4; lastKnownFileType = sourcecode.c.objc; path = UserViewController.m; sourceTree = "<group>"; };
		AE6793251744C7F8001C8959 /* Llibreria.app */ = {isa = PBXFileReference; explicitFileType = wrapper.application; includeInIndex = 0; path = Llibreria.app; sourceTree = BUILT_PRODUCTS_DIR; };
		AE6793281744C7F8001C8959 /* UIKit.framework */ = {isa = PBXFileReference; lastKnownFileType = wrapper.framework; name = UIKit.framework; path = System/Library/Frameworks/UIKit.framework; sourceTree = SDKROOT; };
		AE67932A1744C7F8001C8959 /* Foundation.framework */ = {isa = PBXFileReference; lastKnownFileType = wrapper.framework; name = Foundation.framework; path = System/Library/Frameworks/Foundation.framework; sourceTree = SDKROOT; };
		AE67932C1744C7F8001C8959 /* CoreGraphics.framework */ = {isa = PBXFileReference; lastKnownFileType = wrapper.framework; name = CoreGraphics.framework; path = System/Library/Frameworks/CoreGraphics.framework; sourceTree = SDKROOT; };
		AE6793301744C7F8001C8959 /* Llibreria-Info.plist */ = {isa = PBXFileReference; lastKnownFileType = text.plist.xml; path = "Llibreria-Info.plist"; sourceTree = "<group>"; };
		AE6793321744C7F8001C8959 /* en */ = {isa = PBXFileReference; lastKnownFileType = text.plist.strings; name = en; path = en.lproj/InfoPlist.strings; sourceTree = "<group>"; };
		AE6793341744C7F8001C8959 /* main.m */ = {isa = PBXFileReference; lastKnownFileType = sourcecode.c.objc; path = main.m; sourceTree = "<group>"; };
		AE6793361744C7F8001C8959 /* Llibreria-Prefix.pch */ = {isa = PBXFileReference; lastKnownFileType = sourcecode.c.h; path = "Llibreria-Prefix.pch"; sourceTree = "<group>"; };
		AE6793371744C7F8001C8959 /* AppDelegate.h */ = {isa = PBXFileReference; lastKnownFileType = sourcecode.c.h; path = AppDelegate.h; sourceTree = "<group>"; };
		AE6793381744C7F8001C8959 /* AppDelegate.m */ = {isa = PBXFileReference; lastKnownFileType = sourcecode.c.objc; path = AppDelegate.m; sourceTree = "<group>"; };
		AE67933A1744C7F8001C8959 /* Default.png */ = {isa = PBXFileReference; lastKnownFileType = image.png; path = Default.png; sourceTree = "<group>"; };
		AE67933C1744C7F8001C8959 /* Default@2x.png */ = {isa = PBXFileReference; lastKnownFileType = image.png; path = "Default@2x.png"; sourceTree = "<group>"; };
		AE67933E1744C7F8001C8959 /* Default-568h@2x.png */ = {isa = PBXFileReference; lastKnownFileType = image.png; path = "Default-568h@2x.png"; sourceTree = "<group>"; };
		AE6793411744C7F8001C8959 /* en */ = {isa = PBXFileReference; lastKnownFileType = file.storyboard; name = en; path = en.lproj/MainStoryboard.storyboard; sourceTree = "<group>"; };
		AE6793431744C7F8001C8959 /* ViewController.h */ = {isa = PBXFileReference; lastKnownFileType = sourcecode.c.h; path = ViewController.h; sourceTree = "<group>"; };
		AE6793441744C7F8001C8959 /* ViewController.m */ = {isa = PBXFileReference; lastKnownFileType = sourcecode.c.objc; path = ViewController.m; sourceTree = "<group>"; };
		AE67934B1744C816001C8959 /* GTMHTTPFetcher.h */ = {isa = PBXFileReference; lastKnownFileType = sourcecode.c.h; path = GTMHTTPFetcher.h; sourceTree = "<group>"; };
		AE67934C1744C816001C8959 /* GTMHTTPFetcher.m */ = {isa = PBXFileReference; lastKnownFileType = sourcecode.c.objc; path = GTMHTTPFetcher.m; sourceTree = "<group>"; };
		AE67934D1744C816001C8959 /* GTMOAuth2Authentication.h */ = {isa = PBXFileReference; lastKnownFileType = sourcecode.c.h; path = GTMOAuth2Authentication.h; sourceTree = "<group>"; };
		AE67934E1744C816001C8959 /* GTMOAuth2Authentication.m */ = {isa = PBXFileReference; lastKnownFileType = sourcecode.c.objc; path = GTMOAuth2Authentication.m; sourceTree = "<group>"; };
		AE67934F1744C816001C8959 /* GTMOAuth2SignIn.h */ = {isa = PBXFileReference; lastKnownFileType = sourcecode.c.h; path = GTMOAuth2SignIn.h; sourceTree = "<group>"; };
		AE6793501744C816001C8959 /* GTMOAuth2SignIn.m */ = {isa = PBXFileReference; lastKnownFileType = sourcecode.c.objc; path = GTMOAuth2SignIn.m; sourceTree = "<group>"; };
		AE6793511744C816001C8959 /* GTMOAuth2ViewControllerTouch.h */ = {isa = PBXFileReference; lastKnownFileType = sourcecode.c.h; path = GTMOAuth2ViewControllerTouch.h; sourceTree = "<group>"; };
		AE6793521744C816001C8959 /* GTMOAuth2ViewControllerTouch.m */ = {isa = PBXFileReference; lastKnownFileType = sourcecode.c.objc; path = GTMOAuth2ViewControllerTouch.m; sourceTree = "<group>"; };
		AE6793531744C816001C8959 /* GTMOAuth2ViewTouch.xib */ = {isa = PBXFileReference; lastKnownFileType = file.xib; path = GTMOAuth2ViewTouch.xib; sourceTree = "<group>"; };
		AE6793551744C85A001C8959 /* Security.framework */ = {isa = PBXFileReference; lastKnownFileType = wrapper.framework; name = Security.framework; path = System/Library/Frameworks/Security.framework; sourceTree = SDKROOT; };
		AE6793571744C86C001C8959 /* SystemConfiguration.framework */ = {isa = PBXFileReference; lastKnownFileType = wrapper.framework; name = SystemConfiguration.framework; path = System/Library/Frameworks/SystemConfiguration.framework; sourceTree = SDKROOT; };
		AEE0EB6F1755F78600B1C138 /* Constants.h */ = {isa = PBXFileReference; fileEncoding = 4; lastKnownFileType = sourcecode.c.h; path = Constants.h; sourceTree = "<group>"; };
		DD1C33A217DDB1DB00B4554E /* Board.h */ = {isa = PBXFileReference; fileEncoding = 4; lastKnownFileType = sourcecode.c.h; path = Board.h; sourceTree = "<group>"; };
		DD1C33A317DDB1DB00B4554E /* Board.m */ = {isa = PBXFileReference; fileEncoding = 4; lastKnownFileType = sourcecode.c.objc; path = Board.m; sourceTree = "<group>"; };
		DD1C33A517DDB41700B4554E /* Classroom.h */ = {isa = PBXFileReference; fileEncoding = 4; lastKnownFileType = sourcecode.c.h; path = Classroom.h; sourceTree = "<group>"; };
		DD1C33A617DDB41700B4554E /* Classroom.m */ = {isa = PBXFileReference; fileEncoding = 4; lastKnownFileType = sourcecode.c.objc; path = Classroom.m; sourceTree = "<group>"; };
		DD1C33A817DDB59100B4554E /* Event.h */ = {isa = PBXFileReference; fileEncoding = 4; lastKnownFileType = sourcecode.c.h; path = Event.h; sourceTree = "<group>"; };
		DD1C33A917DDB59100B4554E /* Event.m */ = {isa = PBXFileReference; fileEncoding = 4; lastKnownFileType = sourcecode.c.objc; path = Event.m; sourceTree = "<group>"; };
		DD1C33AB17DDB6CD00B4554E /* Folder.h */ = {isa = PBXFileReference; fileEncoding = 4; lastKnownFileType = sourcecode.c.h; path = Folder.h; sourceTree = "<group>"; };
		DD1C33AC17DDB6CD00B4554E /* Folder.m */ = {isa = PBXFileReference; fileEncoding = 4; lastKnownFileType = sourcecode.c.objc; path = Folder.m; sourceTree = "<group>"; };
		DD1C33AE17DDB86700B4554E /* Message.h */ = {isa = PBXFileReference; fileEncoding = 4; lastKnownFileType = sourcecode.c.h; path = Message.h; sourceTree = "<group>"; };
		DD1C33AF17DDB86700B4554E /* Message.m */ = {isa = PBXFileReference; fileEncoding = 4; lastKnownFileType = sourcecode.c.objc; path = Message.m; sourceTree = "<group>"; };
		DD1C33B117DDB88C00B4554E /* MessageBody.h */ = {isa = PBXFileReference; fileEncoding = 4; lastKnownFileType = sourcecode.c.h; path = MessageBody.h; sourceTree = "<group>"; };
		DD1C33B217DDB88C00B4554E /* MessageBody.m */ = {isa = PBXFileReference; fileEncoding = 4; lastKnownFileType = sourcecode.c.objc; path = MessageBody.m; sourceTree = "<group>"; };
		DD1C33B417DDB8A000B4554E /* MessageHistory.h */ = {isa = PBXFileReference; fileEncoding = 4; lastKnownFileType = sourcecode.c.h; path = MessageHistory.h; sourceTree = "<group>"; };
		DD1C33B517DDB8A000B4554E /* MessageHistory.m */ = {isa = PBXFileReference; fileEncoding = 4; lastKnownFileType = sourcecode.c.objc; path = MessageHistory.m; sourceTree = "<group>"; };
		DD1C33B717DDB8EE00B4554E /* MessageHistoryDetail.h */ = {isa = PBXFileReference; fileEncoding = 4; lastKnownFileType = sourcecode.c.h; path = MessageHistoryDetail.h; sourceTree = "<group>"; };
		DD1C33B817DDB8EE00B4554E /* MessageHistoryDetail.m */ = {isa = PBXFileReference; fileEncoding = 4; lastKnownFileType = sourcecode.c.objc; path = MessageHistoryDetail.m; sourceTree = "<group>"; };
		DD1C33BA17DDB8FF00B4554E /* Person.h */ = {isa = PBXFileReference; fileEncoding = 4; lastKnownFileType = sourcecode.c.h; path = Person.h; sourceTree = "<group>"; };
		DD1C33BB17DDB8FF00B4554E /* Person.m */ = {isa = PBXFileReference; fileEncoding = 4; lastKnownFileType = sourcecode.c.objc; path = Person.m; sourceTree = "<group>"; };
		DD1C33BD17DDB90A00B4554E /* Profile.h */ = {isa = PBXFileReference; fileEncoding = 4; lastKnownFileType = sourcecode.c.h; path = Profile.h; sourceTree = "<group>"; };
		DD1C33BE17DDB90A00B4554E /* Profile.m */ = {isa = PBXFileReference; fileEncoding = 4; lastKnownFileType = sourcecode.c.objc; path = Profile.m; sourceTree = "<group>"; };
		DD1C33C017DDB91D00B4554E /* Resource.h */ = {isa = PBXFileReference; fileEncoding = 4; lastKnownFileType = sourcecode.c.h; path = Resource.h; sourceTree = "<group>"; };
		DD1C33C117DDB91D00B4554E /* Resource.m */ = {isa = PBXFileReference; fileEncoding = 4; lastKnownFileType = sourcecode.c.objc; path = Resource.m; sourceTree = "<group>"; };
		DD1C33C317DDB92C00B4554E /* Setting.h */ = {isa = PBXFileReference; fileEncoding = 4; lastKnownFileType = sourcecode.c.h; path = Setting.h; sourceTree = "<group>"; };
		DD1C33C417DDB92C00B4554E /* Setting.m */ = {isa = PBXFileReference; fileEncoding = 4; lastKnownFileType = sourcecode.c.objc; path = Setting.m; sourceTree = "<group>"; };
		DD1C33C617DDB95700B4554E /* SettingValue.h */ = {isa = PBXFileReference; fileEncoding = 4; lastKnownFileType = sourcecode.c.h; path = SettingValue.h; sourceTree = "<group>"; };
		DD1C33C717DDB95700B4554E /* SettingValue.m */ = {isa = PBXFileReference; fileEncoding = 4; lastKnownFileType = sourcecode.c.objc; path = SettingValue.m; sourceTree = "<group>"; };
		DD1C33C917DDB96A00B4554E /* TeachingMaterial.h */ = {isa = PBXFileReference; fileEncoding = 4; lastKnownFileType = sourcecode.c.h; path = TeachingMaterial.h; sourceTree = "<group>"; };
		DD1C33CA17DDB96A00B4554E /* TeachingMaterial.m */ = {isa = PBXFileReference; fileEncoding = 4; lastKnownFileType = sourcecode.c.objc; path = TeachingMaterial.m; sourceTree = "<group>"; };
		DD1C33CC17DDCDF800B4554E /* MessagesViewController.h */ = {isa = PBXFileReference; fileEncoding = 4; lastKnownFileType = sourcecode.c.h; path = MessagesViewController.h; sourceTree = "<group>"; };
		DD1C33CD17DDCDF800B4554E /* MessagesViewController.m */ = {isa = PBXFileReference; fileEncoding = 4; lastKnownFileType = sourcecode.c.objc; path = MessagesViewController.m; sourceTree = "<group>"; };
		DD1C33CF17DDCE0800B4554E /* HistoryViewController.h */ = {isa = PBXFileReference; fileEncoding = 4; lastKnownFileType = sourcecode.c.h; path = HistoryViewController.h; sourceTree = "<group>"; };
		DD1C33D017DDCE0800B4554E /* HistoryViewController.m */ = {isa = PBXFileReference; fileEncoding = 4; lastKnownFileType = sourcecode.c.objc; path = HistoryViewController.m; sourceTree = "<group>"; };
		DD77DD9218B74105004732B7 /* Subject.h */ = {isa = PBXFileReference; fileEncoding = 4; lastKnownFileType = sourcecode.c.h; path = Subject.h; sourceTree = "<group>"; };
		DD77DD9318B74105004732B7 /* Subject.m */ = {isa = PBXFileReference; fileEncoding = 4; lastKnownFileType = sourcecode.c.objc; path = Subject.m; sourceTree = "<group>"; };
		DD77DD9518B74224004732B7 /* BoardList.h */ = {isa = PBXFileReference; fileEncoding = 4; lastKnownFileType = sourcecode.c.h; path = BoardList.h; sourceTree = "<group>"; };
		DD77DD9618B74224004732B7 /* BoardList.m */ = {isa = PBXFileReference; fileEncoding = 4; lastKnownFileType = sourcecode.c.objc; path = BoardList.m; sourceTree = "<group>"; };
		DD77DD9818B74528004732B7 /* ClassroomList.h */ = {isa = PBXFileReference; fileEncoding = 4; lastKnownFileType = sourcecode.c.h; path = ClassroomList.h; sourceTree = "<group>"; };
		DD77DD9918B74528004732B7 /* ClassroomList.m */ = {isa = PBXFileReference; fileEncoding = 4; lastKnownFileType = sourcecode.c.objc; path = ClassroomList.m; sourceTree = "<group>"; };
		DD77DD9B18B74EF2004732B7 /* MessageList.h */ = {isa = PBXFileReference; fileEncoding = 4; lastKnownFileType = sourcecode.c.h; path = MessageList.h; sourceTree = "<group>"; };
		DD77DD9C18B74EF2004732B7 /* MessageList.m */ = {isa = PBXFileReference; fileEncoding = 4; lastKnownFileType = sourcecode.c.objc; path = MessageList.m; sourceTree = "<group>"; };
		DD77DD9E18B757AF004732B7 /* EventList.h */ = {isa = PBXFileReference; fileEncoding = 4; lastKnownFileType = sourcecode.c.h; path = EventList.h; sourceTree = "<group>"; };
		DD77DD9F18B757AF004732B7 /* EventList.m */ = {isa = PBXFileReference; fileEncoding = 4; lastKnownFileType = sourcecode.c.objc; path = EventList.m; sourceTree = "<group>"; };
		DD77DDA118B75945004732B7 /* FolderList.h */ = {isa = PBXFileReference; fileEncoding = 4; lastKnownFileType = sourcecode.c.h; path = FolderList.h; sourceTree = "<group>"; };
		DD77DDA218B75945004732B7 /* FolderList.m */ = {isa = PBXFileReference; fileEncoding = 4; lastKnownFileType = sourcecode.c.objc; path = FolderList.m; sourceTree = "<group>"; };
		DD77DDA418B75BE7004732B7 /* PersonList.h */ = {isa = PBXFileReference; fileEncoding = 4; lastKnownFileType = sourcecode.c.h; path = PersonList.h; sourceTree = "<group>"; };
		DD77DDA518B75BE7004732B7 /* PersonList.m */ = {isa = PBXFileReference; fileEncoding = 4; lastKnownFileType = sourcecode.c.objc; path = PersonList.m; sourceTree = "<group>"; };
		DD77DDA718B75F0C004732B7 /* ProfileList.h */ = {isa = PBXFileReference; fileEncoding = 4; lastKnownFileType = sourcecode.c.h; path = ProfileList.h; sourceTree = "<group>"; };
		DD77DDA818B75F0C004732B7 /* ProfileList.m */ = {isa = PBXFileReference; fileEncoding = 4; lastKnownFileType = sourcecode.c.objc; path = ProfileList.m; sourceTree = "<group>"; };
		DD77DDAA18B76087004732B7 /* ResourceList.h */ = {isa = PBXFileReference; fileEncoding = 4; lastKnownFileType = sourcecode.c.h; path = ResourceList.h; sourceTree = "<group>"; };
		DD77DDAB18B76087004732B7 /* ResourceList.m */ = {isa = PBXFileReference; fileEncoding = 4; lastKnownFileType = sourcecode.c.objc; path = ResourceList.m; sourceTree = "<group>"; };
		DD77DDAD18B762A3004732B7 /* SettingList.h */ = {isa = PBXFileReference; fileEncoding = 4; lastKnownFileType = sourcecode.c.h; path = SettingList.h; sourceTree = "<group>"; };
		DD77DDAE18B762A3004732B7 /* SettingList.m */ = {isa = PBXFileReference; fileEncoding = 4; lastKnownFileType = sourcecode.c.objc; path = SettingList.m; sourceTree = "<group>"; };
		DD77DDB018B76471004732B7 /* SubjectList.h */ = {isa = PBXFileReference; fileEncoding = 4; lastKnownFileType = sourcecode.c.h; path = SubjectList.h; sourceTree = "<group>"; };
		DD77DDB118B76471004732B7 /* SubjectList.m */ = {isa = PBXFileReference; fileEncoding = 4; lastKnownFileType = sourcecode.c.objc; path = SubjectList.m; sourceTree = "<group>"; };
		DD77DDB318B7656F004732B7 /* TeachingMaterialList.h */ = {isa = PBXFileReference; fileEncoding = 4; lastKnownFileType = sourcecode.c.h; path = TeachingMaterialList.h; sourceTree = "<group>"; };
		DD77DDB418B7656F004732B7 /* TeachingMaterialList.m */ = {isa = PBXFileReference; fileEncoding = 4; lastKnownFileType = sourcecode.c.objc; path = TeachingMaterialList.m; sourceTree = "<group>"; };
		DD77DDB618B76701004732B7 /* UserList.h */ = {isa = PBXFileReference; fileEncoding = 4; lastKnownFileType = sourcecode.c.h; path = UserList.h; sourceTree = "<group>"; };
		DD77DDB718B76701004732B7 /* UserList.m */ = {isa = PBXFileReference; fileEncoding = 4; lastKnownFileType = sourcecode.c.objc; path = UserList.m; sourceTree = "<group>"; };
		DD77DDB918B77723004732B7 /* EventsViewController.h */ = {isa = PBXFileReference; fileEncoding = 4; lastKnownFileType = sourcecode.c.h; path = EventsViewController.h; sourceTree = "<group>"; };
		DD77DDBA18B77723004732B7 /* EventsViewController.m */ = {isa = PBXFileReference; fileEncoding = 4; lastKnownFileType = sourcecode.c.objc; path = EventsViewController.m; sourceTree = "<group>"; };
		DDF40A7E18BB3AA300985BC2 /* ExemplesViewController.h */ = {isa = PBXFileReference; fileEncoding = 4; lastKnownFileType = sourcecode.c.h; path = ExemplesViewController.h; sourceTree = "<group>"; };
		DDF40A7F18BB3AA300985BC2 /* ExemplesViewController.m */ = {isa = PBXFileReference; fileEncoding = 4; lastKnownFileType = sourcecode.c.objc; path = ExemplesViewController.m; sourceTree = "<group>"; };
/* End PBXFileReference section */

/* Begin PBXFrameworksBuildPhase section */
		AE6793221744C7F8001C8959 /* Frameworks */ = {
			isa = PBXFrameworksBuildPhase;
			buildActionMask = 2147483647;
			files = (
				AE3E441A1745118E00F7E3F3 /* Security.framework in Frameworks */,
				AE6793581744C86C001C8959 /* SystemConfiguration.framework in Frameworks */,
				AE6793291744C7F8001C8959 /* UIKit.framework in Frameworks */,
				AE67932B1744C7F8001C8959 /* Foundation.framework in Frameworks */,
				AE67932D1744C7F8001C8959 /* CoreGraphics.framework in Frameworks */,
			);
			runOnlyForDeploymentPostprocessing = 0;
		};
/* End PBXFrameworksBuildPhase section */

/* Begin PBXGroup section */
		AE4F59FA174CD53200E16371 /* img */ = {
			isa = PBXGroup;
			children = (
				AE15A88317468BAB00D1971F /* Default-568h@2x.png */,
				AE15A87D17468B7100D1971F /* ico114.png */,
				AE15A87B17468B6D00D1971F /* ico57.png */,
			);
			name = img;
			sourceTree = "<group>";
		};
		AE67931C1744C7F8001C8959 = {
			isa = PBXGroup;
			children = (
				AE4F59FA174CD53200E16371 /* img */,
				AE6793541744C81E001C8959 /* GTMOAuth2 */,
				AE67932E1744C7F8001C8959 /* openApi */,
				AE6793271744C7F8001C8959 /* Frameworks */,
				AE6793261744C7F8001C8959 /* Products */,
			);
			sourceTree = "<group>";
		};
		AE6793261744C7F8001C8959 /* Products */ = {
			isa = PBXGroup;
			children = (
				AE6793251744C7F8001C8959 /* Llibreria.app */,
			);
			name = Products;
			sourceTree = "<group>";
		};
		AE6793271744C7F8001C8959 /* Frameworks */ = {
			isa = PBXGroup;
			children = (
				AE6793571744C86C001C8959 /* SystemConfiguration.framework */,
				AE6793551744C85A001C8959 /* Security.framework */,
				AE6793281744C7F8001C8959 /* UIKit.framework */,
				AE67932A1744C7F8001C8959 /* Foundation.framework */,
				AE67932C1744C7F8001C8959 /* CoreGraphics.framework */,
			);
			name = Frameworks;
			sourceTree = "<group>";
		};
		AE67932E1744C7F8001C8959 /* openApi */ = {
			isa = PBXGroup;
			children = (
				AE6793371744C7F8001C8959 /* AppDelegate.h */,
				AE6793381744C7F8001C8959 /* AppDelegate.m */,
				AE6793401744C7F8001C8959 /* MainStoryboard.storyboard */,
				AE47F29317455D8600370271 /* UserViewController.h */,
				AE47F29417455D8600370271 /* UserViewController.m */,
				AE6793431744C7F8001C8959 /* ViewController.h */,
				AE6793441744C7F8001C8959 /* ViewController.m */,
				DD1C33CC17DDCDF800B4554E /* MessagesViewController.h */,
				DD1C33CD17DDCDF800B4554E /* MessagesViewController.m */,
				DD1C33CF17DDCE0800B4554E /* HistoryViewController.h */,
				DD1C33D017DDCE0800B4554E /* HistoryViewController.m */,
				DD77DDB918B77723004732B7 /* EventsViewController.h */,
				DD77DDBA18B77723004732B7 /* EventsViewController.m */,
				DDF40A7E18BB3AA300985BC2 /* ExemplesViewController.h */,
				DDF40A7F18BB3AA300985BC2 /* ExemplesViewController.m */,
				AEE0EB6F1755F78600B1C138 /* Constants.h */,
				DD1C33A217DDB1DB00B4554E /* Board.h */,
				DD1C33A317DDB1DB00B4554E /* Board.m */,
				DD77DD9518B74224004732B7 /* BoardList.h */,
				DD77DD9618B74224004732B7 /* BoardList.m */,
				DD1C33A517DDB41700B4554E /* Classroom.h */,
				DD1C33A617DDB41700B4554E /* Classroom.m */,
				DD77DD9818B74528004732B7 /* ClassroomList.h */,
				DD77DD9918B74528004732B7 /* ClassroomList.m */,
				DD1C33A817DDB59100B4554E /* Event.h */,
				DD1C33A917DDB59100B4554E /* Event.m */,
				DD77DD9E18B757AF004732B7 /* EventList.h */,
				DD77DD9F18B757AF004732B7 /* EventList.m */,
				DD1C33AB17DDB6CD00B4554E /* Folder.h */,
				DD1C33AC17DDB6CD00B4554E /* Folder.m */,
				DD77DDA118B75945004732B7 /* FolderList.h */,
				DD77DDA218B75945004732B7 /* FolderList.m */,
				DD1C33AE17DDB86700B4554E /* Message.h */,
				DD1C33AF17DDB86700B4554E /* Message.m */,
				DD1C33B117DDB88C00B4554E /* MessageBody.h */,
				DD1C33B217DDB88C00B4554E /* MessageBody.m */,
				DD1C33B417DDB8A000B4554E /* MessageHistory.h */,
				DD1C33B517DDB8A000B4554E /* MessageHistory.m */,
				DD1C33B717DDB8EE00B4554E /* MessageHistoryDetail.h */,
				DD1C33B817DDB8EE00B4554E /* MessageHistoryDetail.m */,
				DD77DD9B18B74EF2004732B7 /* MessageList.h */,
				DD77DD9C18B74EF2004732B7 /* MessageList.m */,
				DD1C33BA17DDB8FF00B4554E /* Person.h */,
				DD1C33BB17DDB8FF00B4554E /* Person.m */,
				DD77DDA418B75BE7004732B7 /* PersonList.h */,
				DD77DDA518B75BE7004732B7 /* PersonList.m */,
				DD1C33BD17DDB90A00B4554E /* Profile.h */,
				DD1C33BE17DDB90A00B4554E /* Profile.m */,
				DD77DDA718B75F0C004732B7 /* ProfileList.h */,
				DD77DDA818B75F0C004732B7 /* ProfileList.m */,
				DD1C33C017DDB91D00B4554E /* Resource.h */,
				DD1C33C117DDB91D00B4554E /* Resource.m */,
				DD77DDAA18B76087004732B7 /* ResourceList.h */,
				DD77DDAB18B76087004732B7 /* ResourceList.m */,
				DD1C33C317DDB92C00B4554E /* Setting.h */,
				DD1C33C417DDB92C00B4554E /* Setting.m */,
				DD77DDAD18B762A3004732B7 /* SettingList.h */,
				DD77DDAE18B762A3004732B7 /* SettingList.m */,
				DD1C33C617DDB95700B4554E /* SettingValue.h */,
				DD1C33C717DDB95700B4554E /* SettingValue.m */,
				DD77DD9218B74105004732B7 /* Subject.h */,
				DD77DD9318B74105004732B7 /* Subject.m */,
				DD77DDB018B76471004732B7 /* SubjectList.h */,
				DD77DDB118B76471004732B7 /* SubjectList.m */,
				DD1C33C917DDB96A00B4554E /* TeachingMaterial.h */,
				DD1C33CA17DDB96A00B4554E /* TeachingMaterial.m */,
				DD77DDB318B7656F004732B7 /* TeachingMaterialList.h */,
				DD77DDB418B7656F004732B7 /* TeachingMaterialList.m */,
				AE15A87817466A6B00D1971F /* User.h */,
				AE15A87917466A6B00D1971F /* User.m */,
				DD77DDB618B76701004732B7 /* UserList.h */,
				DD77DDB718B76701004732B7 /* UserList.m */,
				AE67932F1744C7F8001C8959 /* Supporting Files */,
			);
			path = openApi;
			sourceTree = "<group>";
		};
		AE67932F1744C7F8001C8959 /* Supporting Files */ = {
			isa = PBXGroup;
			children = (
				AE6793301744C7F8001C8959 /* Llibreria-Info.plist */,
				AE6793311744C7F8001C8959 /* InfoPlist.strings */,
				AE6793341744C7F8001C8959 /* main.m */,
				AE6793361744C7F8001C8959 /* Llibreria-Prefix.pch */,
				AE67933A1744C7F8001C8959 /* Default.png */,
				AE67933C1744C7F8001C8959 /* Default@2x.png */,
				AE67933E1744C7F8001C8959 /* Default-568h@2x.png */,
			);
			name = "Supporting Files";
			sourceTree = "<group>";
		};
		AE6793541744C81E001C8959 /* GTMOAuth2 */ = {
			isa = PBXGroup;
			children = (
				AE67934B1744C816001C8959 /* GTMHTTPFetcher.h */,
				AE67934C1744C816001C8959 /* GTMHTTPFetcher.m */,
				AE67934D1744C816001C8959 /* GTMOAuth2Authentication.h */,
				AE67934E1744C816001C8959 /* GTMOAuth2Authentication.m */,
				AE67934F1744C816001C8959 /* GTMOAuth2SignIn.h */,
				AE6793501744C816001C8959 /* GTMOAuth2SignIn.m */,
				AE6793511744C816001C8959 /* GTMOAuth2ViewControllerTouch.h */,
				AE6793521744C816001C8959 /* GTMOAuth2ViewControllerTouch.m */,
				AE6793531744C816001C8959 /* GTMOAuth2ViewTouch.xib */,
			);
			name = GTMOAuth2;
			sourceTree = "<group>";
		};
/* End PBXGroup section */

/* Begin PBXNativeTarget section */
		AE6793241744C7F8001C8959 /* Llibreria */ = {
			isa = PBXNativeTarget;
			buildConfigurationList = AE6793481744C7F8001C8959 /* Build configuration list for PBXNativeTarget "Llibreria" */;
			buildPhases = (
				AE6793211744C7F8001C8959 /* Sources */,
				AE6793221744C7F8001C8959 /* Frameworks */,
				AE6793231744C7F8001C8959 /* Resources */,
			);
			buildRules = (
			);
			dependencies = (
			);
			name = Llibreria;
			productName = openApi;
			productReference = AE6793251744C7F8001C8959 /* Llibreria.app */;
			productType = "com.apple.product-type.application";
		};
/* End PBXNativeTarget section */

/* Begin PBXProject section */
		AE67931D1744C7F8001C8959 /* Project object */ = {
			isa = PBXProject;
			attributes = {
				LastUpgradeCheck = 0460;
				ORGANIZATIONNAME = "Universitat Oberta de Catalunya";
			};
			buildConfigurationList = AE6793201744C7F8001C8959 /* Build configuration list for PBXProject "Llibreria" */;
			compatibilityVersion = "Xcode 3.2";
			developmentRegion = English;
			hasScannedForEncodings = 0;
			knownRegions = (
				en,
			);
			mainGroup = AE67931C1744C7F8001C8959;
			productRefGroup = AE6793261744C7F8001C8959 /* Products */;
			projectDirPath = "";
			projectRoot = "";
			targets = (
				AE6793241744C7F8001C8959 /* Llibreria */,
			);
		};
/* End PBXProject section */

/* Begin PBXResourcesBuildPhase section */
		AE6793231744C7F8001C8959 /* Resources */ = {
			isa = PBXResourcesBuildPhase;
			buildActionMask = 2147483647;
			files = (
				AE6793331744C7F8001C8959 /* InfoPlist.strings in Resources */,
				AE67933B1744C7F8001C8959 /* Default.png in Resources */,
				AE67933D1744C7F8001C8959 /* Default@2x.png in Resources */,
				AE67933F1744C7F8001C8959 /* Default-568h@2x.png in Resources */,
				AE6793421744C7F8001C8959 /* MainStoryboard.storyboard in Resources */,
				AE44E51817454B21008815FC /* GTMOAuth2ViewTouch.xib in Resources */,
				AE15A87C17468B6D00D1971F /* ico57.png in Resources */,
				AE15A87E17468B7100D1971F /* ico114.png in Resources */,
				AE15A88417468BAB00D1971F /* Default-568h@2x.png in Resources */,
			);
			runOnlyForDeploymentPostprocessing = 0;
		};
/* End PBXResourcesBuildPhase section */

/* Begin PBXSourcesBuildPhase section */
		AE6793211744C7F8001C8959 /* Sources */ = {
			isa = PBXSourcesBuildPhase;
			buildActionMask = 2147483647;
			files = (
				AE6793591744C967001C8959 /* GTMHTTPFetcher.m in Sources */,
				AE67935A1744C967001C8959 /* GTMOAuth2Authentication.m in Sources */,
				AE67935B1744C967001C8959 /* GTMOAuth2SignIn.m in Sources */,
				AE67935C1744C967001C8959 /* GTMOAuth2ViewControllerTouch.m in Sources */,
				DD77DDBB18B77723004732B7 /* EventsViewController.m in Sources */,
				DD77DD9D18B74EF2004732B7 /* MessageList.m in Sources */,
				AE6793351744C7F8001C8959 /* main.m in Sources */,
				AE6793391744C7F8001C8959 /* AppDelegate.m in Sources */,
				AE6793451744C7F8001C8959 /* ViewController.m in Sources */,
				AE47F29517455D8600370271 /* UserViewController.m in Sources */,
				AE15A87A17466A6B00D1971F /* User.m in Sources */,
				DD1C33A417DDB1DB00B4554E /* Board.m in Sources */,
				DD77DDAC18B76087004732B7 /* ResourceList.m in Sources */,
				DD77DDB518B7656F004732B7 /* TeachingMaterialList.m in Sources */,
				DD1C33A717DDB41700B4554E /* Classroom.m in Sources */,
				DD1C33AA17DDB59100B4554E /* Event.m in Sources */,
				DD77DDAF18B762A3004732B7 /* SettingList.m in Sources */,
				DD77DDB818B76701004732B7 /* UserList.m in Sources */,
				DD1C33AD17DDB6CD00B4554E /* Folder.m in Sources */,
				DD77DDB218B76471004732B7 /* SubjectList.m in Sources */,
				DD77DDA318B75945004732B7 /* FolderList.m in Sources */,
				DD1C33B017DDB86700B4554E /* Message.m in Sources */,
				DD1C33B317DDB88C00B4554E /* MessageBody.m in Sources */,
				DD77DDA018B757AF004732B7 /* EventList.m in Sources */,
				DD1C33B617DDB8A000B4554E /* MessageHistory.m in Sources */,
				DD1C33B917DDB8EE00B4554E /* MessageHistoryDetail.m in Sources */,
				DD77DD9A18B74528004732B7 /* ClassroomList.m in Sources */,
				DD77DD9718B74224004732B7 /* BoardList.m in Sources */,
				DD1C33BC17DDB8FF00B4554E /* Person.m in Sources */,
				DD77DD9418B74105004732B7 /* Subject.m in Sources */,
				DD1C33BF17DDB90A00B4554E /* Profile.m in Sources */,
				DD1C33C217DDB91D00B4554E /* Resource.m in Sources */,
				DD77DDA618B75BE7004732B7 /* PersonList.m in Sources */,
				DD1C33C517DDB92D00B4554E /* Setting.m in Sources */,
				DD77DDA918B75F0C004732B7 /* ProfileList.m in Sources */,
				DD1C33C817DDB95700B4554E /* SettingValue.m in Sources */,
				DD1C33CB17DDB96A00B4554E /* TeachingMaterial.m in Sources */,
				DDF40A8018BB3AA300985BC2 /* ExemplesViewController.m in Sources */,
				DD1C33CE17DDCDF800B4554E /* MessagesViewController.m in Sources */,
				DD1C33D117DDCE0900B4554E /* HistoryViewController.m in Sources */,
			);
			runOnlyForDeploymentPostprocessing = 0;
		};
/* End PBXSourcesBuildPhase section */

/* Begin PBXVariantGroup section */
		AE6793311744C7F8001C8959 /* InfoPlist.strings */ = {
			isa = PBXVariantGroup;
			children = (
				AE6793321744C7F8001C8959 /* en */,
			);
			name = InfoPlist.strings;
			sourceTree = "<group>";
		};
		AE6793401744C7F8001C8959 /* MainStoryboard.storyboard */ = {
			isa = PBXVariantGroup;
			children = (
				AE6793411744C7F8001C8959 /* en */,
			);
			name = MainStoryboard.storyboard;
			sourceTree = "<group>";
		};
/* End PBXVariantGroup section */

/* Begin XCBuildConfiguration section */
		AE6793461744C7F8001C8959 /* Debug */ = {
			isa = XCBuildConfiguration;
			buildSettings = {
				ALWAYS_SEARCH_USER_PATHS = NO;
				CLANG_CXX_LANGUAGE_STANDARD = "gnu++0x";
				CLANG_CXX_LIBRARY = "libc++";
				CLANG_ENABLE_OBJC_ARC = YES;
				CLANG_WARN_CONSTANT_CONVERSION = YES;
				CLANG_WARN_EMPTY_BODY = YES;
				CLANG_WARN_ENUM_CONVERSION = YES;
				CLANG_WARN_INT_CONVERSION = YES;
				CLANG_WARN__DUPLICATE_METHOD_MATCH = YES;
				"CODE_SIGN_IDENTITY[sdk=iphoneos*]" = "iPhone Developer";
				COPY_PHASE_STRIP = NO;
				GCC_C_LANGUAGE_STANDARD = gnu99;
				GCC_DYNAMIC_NO_PIC = NO;
				GCC_OPTIMIZATION_LEVEL = 0;
				GCC_PREPROCESSOR_DEFINITIONS = (
					"DEBUG=1",
					"$(inherited)",
				);
				GCC_SYMBOLS_PRIVATE_EXTERN = NO;
				GCC_WARN_ABOUT_RETURN_TYPE = YES;
				GCC_WARN_UNINITIALIZED_AUTOS = YES;
				GCC_WARN_UNUSED_VARIABLE = YES;
				IPHONEOS_DEPLOYMENT_TARGET = 6.1;
				ONLY_ACTIVE_ARCH = YES;
				SDKROOT = iphoneos;
			};
			name = Debug;
		};
		AE6793471744C7F8001C8959 /* Release */ = {
			isa = XCBuildConfiguration;
			buildSettings = {
				ALWAYS_SEARCH_USER_PATHS = NO;
				CLANG_CXX_LANGUAGE_STANDARD = "gnu++0x";
				CLANG_CXX_LIBRARY = "libc++";
				CLANG_ENABLE_OBJC_ARC = YES;
				CLANG_WARN_CONSTANT_CONVERSION = YES;
				CLANG_WARN_EMPTY_BODY = YES;
				CLANG_WARN_ENUM_CONVERSION = YES;
				CLANG_WARN_INT_CONVERSION = YES;
				CLANG_WARN__DUPLICATE_METHOD_MATCH = YES;
				"CODE_SIGN_IDENTITY[sdk=iphoneos*]" = "iPhone Developer";
				COPY_PHASE_STRIP = YES;
				GCC_C_LANGUAGE_STANDARD = gnu99;
				GCC_WARN_ABOUT_RETURN_TYPE = YES;
				GCC_WARN_UNINITIALIZED_AUTOS = YES;
				GCC_WARN_UNUSED_VARIABLE = YES;
				IPHONEOS_DEPLOYMENT_TARGET = 6.1;
				OTHER_CFLAGS = "-DNS_BLOCK_ASSERTIONS=1";
				SDKROOT = iphoneos;
				VALIDATE_PRODUCT = YES;
			};
			name = Release;
		};
		AE6793491744C7F8001C8959 /* Debug */ = {
			isa = XCBuildConfiguration;
			buildSettings = {
				GCC_PRECOMPILE_PREFIX_HEADER = YES;
				GCC_PREFIX_HEADER = "openApi/Llibreria-Prefix.pch";
				INFOPLIST_FILE = "openApi/Llibreria-Info.plist";
				OTHER_LDFLAGS = (
					"-ObjC",
					"-all_load",
				);
				PRODUCT_NAME = Llibreria;
				WRAPPER_EXTENSION = app;
			};
			name = Debug;
		};
		AE67934A1744C7F8001C8959 /* Release */ = {
			isa = XCBuildConfiguration;
			buildSettings = {
				GCC_PRECOMPILE_PREFIX_HEADER = YES;
				GCC_PREFIX_HEADER = "openApi/Llibreria-Prefix.pch";
				INFOPLIST_FILE = "openApi/Llibreria-Info.plist";
				OTHER_LDFLAGS = (
					"-ObjC",
					"-all_load",
				);
				PRODUCT_NAME = Llibreria;
				WRAPPER_EXTENSION = app;
			};
			name = Release;
		};
/* End XCBuildConfiguration section */

/* Begin XCConfigurationList section */
		AE6793201744C7F8001C8959 /* Build configuration list for PBXProject "Llibreria" */ = {
			isa = XCConfigurationList;
			buildConfigurations = (
				AE6793461744C7F8001C8959 /* Debug */,
				AE6793471744C7F8001C8959 /* Release */,
			);
			defaultConfigurationIsVisible = 0;
			defaultConfigurationName = Release;
		};
		AE6793481744C7F8001C8959 /* Build configuration list for PBXNativeTarget "Llibreria" */ = {
			isa = XCConfigurationList;
			buildConfigurations = (
				AE6793491744C7F8001C8959 /* Debug */,
				AE67934A1744C7F8001C8959 /* Release */,
			);
			defaultConfigurationIsVisible = 0;
			defaultConfigurationName = Release;
		};
/* End XCConfigurationList section */
	};
	rootObject = AE67931D1744C7F8001C8959 /* Project object */;
}
